<?xml version="1.0" encoding="utf-8"?>
<Project ToolsVersion="4.0" xmlns="http://schemas.microsoft.com/developer/msbuild/2003">
  <ItemGroup>
    <Filter Include="Source Files">
      <UniqueIdentifier>{9d30c9b3-b293-4a89-bac3-dd2768a925a8}</UniqueIdentifier>
    </Filter>
    <Filter Include="Generated Files">
      <UniqueIdentifier>{045f872f-9040-4820-8ae2-ed3474190b80}</UniqueIdentifier>
      <SourceControlFiles>False</SourceControlFiles>
    </Filter>
  </ItemGroup>
  <ItemGroup>
    <None Include="FFMPEGInteropps.def" />
  </ItemGroup>
  <ItemGroup>
    <ClCompile Include="FFMPEGInterop_i.c">
      <Filter>Generated Files</Filter>
    </ClCompile>
    <ClCompile Include="FFMPEGInterop_p.c">
      <Filter>Generated Files</Filter>
    </ClCompile>
    <ClCompile Include="dlldata.c">
      <Filter>Generated Files</Filter>
    </ClCompile>
  </ItemGroup>
</Project>